﻿Microsoft Visual Studio Solution File, Format Version 12.00
# Visual Studio Version 16
VisualStudioVersion = 16.0.30011.22
MinimumVisualStudioVersion = 10.0.40219.1
Project("{9A19103F-16F7-4668-BE54-9A1E7A4F7556}") = "Silk.Extensions", "src\Silk.Extensions\Silk.Extensions.csproj", "{C1BFAFBB-9E7B-468E-8E03-B5789926FE31}"
EndProject
Project("{2150E333-8FDC-42A3-9474-1A3956D46DE8}") = "Solution Items", "Solution Items", "{8ED19367-810B-4E78-B1B5-6B81E9E01718}"
	ProjectSection(SolutionItems) = preProject
		.editorconfig = .editorconfig
		nuget.config = nuget.config
	EndProjectSection
EndProject
Project("{FAE04EC0-301F-11D3-BF4B-00C04F79EFBC}") = "Silk.Core", "src\Silk.Core\Silk.Core.csproj", "{B3A34F01-C1B1-4081-B19A-E24821105683}"
EndProject
Project("{FAE04EC0-301F-11D3-BF4B-00C04F79EFBC}") = "Silk.Core.Tests", "tests\Silk.Core.Tests\Silk.Core.Tests.csproj", "{C8175039-89F8-4798-9282-98BDF91FD0C5}"
EndProject
Project("{2150E333-8FDC-42A3-9474-1A3956D46DE8}") = "src", "src", "{FE9BF140-0795-4CBE-A5A1-E37A36081587}"
EndProject
Project("{2150E333-8FDC-42A3-9474-1A3956D46DE8}") = "tests", "tests", "{C9E5F7D9-B12E-4A1A-949C-FDFF08A46A67}"
EndProject
Project("{FAE04EC0-301F-11D3-BF4B-00C04F79EFBC}") = "Silk.Benchmarks", "tests\Silk.Benchmarks\Silk.Benchmarks.csproj", "{708442D6-A90A-4BF6-BFA3-4D2B21C2269F}"
EndProject
Project("{FAE04EC0-301F-11D3-BF4B-00C04F79EFBC}") = "Silk.Extensions.Tests", "tests\Silk.Extensions.Tests\Silk.Extensions.Tests.csproj", "{832DCD90-034E-4282-B6A7-627D7FC51EB7}"
EndProject
Project("{FAE04EC0-301F-11D3-BF4B-00C04F79EFBC}") = "Silk.Core.Data", "src\Silk.Core.Data\Silk.Core.Data.csproj", "{A75A61EE-D0BD-4536-B6C6-26A26D8062F2}"
EndProject
Project("{FAE04EC0-301F-11D3-BF4B-00C04F79EFBC}") = "Silk.Core.Data.Tests", "tests\Silk.Core.Data.Tests\Silk.Core.Data.Tests.csproj", "{F1BC2CDC-1423-4E14-AD38-5B6E0ACC06BF}"
EndProject
Project("{FAE04EC0-301F-11D3-BF4B-00C04F79EFBC}") = "Silk.Shared", "src\Silk.Shared\Silk.Shared.csproj", "{D9EBB59E-3DC5-4ACD-8CF1-CAF7FAE910A8}"
EndProject
Global
	GlobalSection(SolutionConfigurationPlatforms) = preSolution
		Debug|Any CPU = Debug|Any CPU
		Debug|x64 = Debug|x64
		Release|Any CPU = Release|Any CPU
		Release|x64 = Release|x64
	EndGlobalSection
	GlobalSection(ProjectConfigurationPlatforms) = postSolution
		{C1BFAFBB-9E7B-468E-8E03-B5789926FE31}.Debug|Any CPU.ActiveCfg = Debug|Any CPU
		{C1BFAFBB-9E7B-468E-8E03-B5789926FE31}.Debug|Any CPU.Build.0 = Debug|Any CPU
		{C1BFAFBB-9E7B-468E-8E03-B5789926FE31}.Debug|x64.ActiveCfg = Debug|Any CPU
		{C1BFAFBB-9E7B-468E-8E03-B5789926FE31}.Debug|x64.Build.0 = Debug|Any CPU
		{C1BFAFBB-9E7B-468E-8E03-B5789926FE31}.Release|Any CPU.ActiveCfg = Release|Any CPU
		{C1BFAFBB-9E7B-468E-8E03-B5789926FE31}.Release|Any CPU.Build.0 = Release|Any CPU
		{C1BFAFBB-9E7B-468E-8E03-B5789926FE31}.Release|x64.ActiveCfg = Release|Any CPU
		{C1BFAFBB-9E7B-468E-8E03-B5789926FE31}.Release|x64.Build.0 = Release|Any CPU
		{B3A34F01-C1B1-4081-B19A-E24821105683}.Debug|Any CPU.ActiveCfg = Debug|Any CPU
		{B3A34F01-C1B1-4081-B19A-E24821105683}.Debug|Any CPU.Build.0 = Debug|Any CPU
		{B3A34F01-C1B1-4081-B19A-E24821105683}.Debug|x64.ActiveCfg = Debug|x64
		{B3A34F01-C1B1-4081-B19A-E24821105683}.Debug|x64.Build.0 = Debug|x64
		{B3A34F01-C1B1-4081-B19A-E24821105683}.Release|Any CPU.ActiveCfg = Release|Any CPU
		{B3A34F01-C1B1-4081-B19A-E24821105683}.Release|Any CPU.Build.0 = Release|Any CPU
		{B3A34F01-C1B1-4081-B19A-E24821105683}.Release|x64.ActiveCfg = Release|x64
		{B3A34F01-C1B1-4081-B19A-E24821105683}.Release|x64.Build.0 = Release|x64
		{C8175039-89F8-4798-9282-98BDF91FD0C5}.Debug|Any CPU.ActiveCfg = Debug|Any CPU
		{C8175039-89F8-4798-9282-98BDF91FD0C5}.Debug|Any CPU.Build.0 = Debug|Any CPU
		{C8175039-89F8-4798-9282-98BDF91FD0C5}.Debug|x64.ActiveCfg = Debug|Any CPU
		{C8175039-89F8-4798-9282-98BDF91FD0C5}.Debug|x64.Build.0 = Debug|Any CPU
		{C8175039-89F8-4798-9282-98BDF91FD0C5}.Release|Any CPU.ActiveCfg = Release|Any CPU
		{C8175039-89F8-4798-9282-98BDF91FD0C5}.Release|Any CPU.Build.0 = Release|Any CPU
		{C8175039-89F8-4798-9282-98BDF91FD0C5}.Release|x64.ActiveCfg = Release|Any CPU
		{C8175039-89F8-4798-9282-98BDF91FD0C5}.Release|x64.Build.0 = Release|Any CPU
		{708442D6-A90A-4BF6-BFA3-4D2B21C2269F}.Debug|Any CPU.ActiveCfg = Debug|Any CPU
		{708442D6-A90A-4BF6-BFA3-4D2B21C2269F}.Debug|Any CPU.Build.0 = Debug|Any CPU
		{708442D6-A90A-4BF6-BFA3-4D2B21C2269F}.Debug|x64.ActiveCfg = Debug|Any CPU
		{708442D6-A90A-4BF6-BFA3-4D2B21C2269F}.Debug|x64.Build.0 = Debug|Any CPU
		{708442D6-A90A-4BF6-BFA3-4D2B21C2269F}.Release|Any CPU.ActiveCfg = Release|Any CPU
		{708442D6-A90A-4BF6-BFA3-4D2B21C2269F}.Release|Any CPU.Build.0 = Release|Any CPU
		{708442D6-A90A-4BF6-BFA3-4D2B21C2269F}.Release|x64.ActiveCfg = Release|Any CPU
		{708442D6-A90A-4BF6-BFA3-4D2B21C2269F}.Release|x64.Build.0 = Release|Any CPU
		{832DCD90-034E-4282-B6A7-627D7FC51EB7}.Debug|Any CPU.ActiveCfg = Debug|Any CPU
		{832DCD90-034E-4282-B6A7-627D7FC51EB7}.Debug|Any CPU.Build.0 = Debug|Any CPU
		{832DCD90-034E-4282-B6A7-627D7FC51EB7}.Debug|x64.ActiveCfg = Debug|Any CPU
		{832DCD90-034E-4282-B6A7-627D7FC51EB7}.Debug|x64.Build.0 = Debug|Any CPU
		{832DCD90-034E-4282-B6A7-627D7FC51EB7}.Release|Any CPU.ActiveCfg = Release|Any CPU
		{832DCD90-034E-4282-B6A7-627D7FC51EB7}.Release|Any CPU.Build.0 = Release|Any CPU
		{832DCD90-034E-4282-B6A7-627D7FC51EB7}.Release|x64.ActiveCfg = Release|Any CPU
		{832DCD90-034E-4282-B6A7-627D7FC51EB7}.Release|x64.Build.0 = Release|Any CPU
		{A75A61EE-D0BD-4536-B6C6-26A26D8062F2}.Debug|Any CPU.ActiveCfg = Debug|Any CPU
		{A75A61EE-D0BD-4536-B6C6-26A26D8062F2}.Debug|Any CPU.Build.0 = Debug|Any CPU
		{A75A61EE-D0BD-4536-B6C6-26A26D8062F2}.Debug|x64.ActiveCfg = Debug|Any CPU
		{A75A61EE-D0BD-4536-B6C6-26A26D8062F2}.Debug|x64.Build.0 = Debug|Any CPU
		{A75A61EE-D0BD-4536-B6C6-26A26D8062F2}.Release|Any CPU.ActiveCfg = Release|Any CPU
		{A75A61EE-D0BD-4536-B6C6-26A26D8062F2}.Release|Any CPU.Build.0 = Release|Any CPU
		{A75A61EE-D0BD-4536-B6C6-26A26D8062F2}.Release|x64.ActiveCfg = Release|Any CPU
		{A75A61EE-D0BD-4536-B6C6-26A26D8062F2}.Release|x64.Build.0 = Release|Any CPU
		{F1BC2CDC-1423-4E14-AD38-5B6E0ACC06BF}.Debug|Any CPU.ActiveCfg = Debug|Any CPU
		{F1BC2CDC-1423-4E14-AD38-5B6E0ACC06BF}.Debug|Any CPU.Build.0 = Debug|Any CPU
		{F1BC2CDC-1423-4E14-AD38-5B6E0ACC06BF}.Debug|x64.ActiveCfg = Debug|Any CPU
		{F1BC2CDC-1423-4E14-AD38-5B6E0ACC06BF}.Debug|x64.Build.0 = Debug|Any CPU
		{F1BC2CDC-1423-4E14-AD38-5B6E0ACC06BF}.Release|Any CPU.ActiveCfg = Release|Any CPU
		{F1BC2CDC-1423-4E14-AD38-5B6E0ACC06BF}.Release|Any CPU.Build.0 = Release|Any CPU
		{F1BC2CDC-1423-4E14-AD38-5B6E0ACC06BF}.Release|x64.ActiveCfg = Release|Any CPU
		{F1BC2CDC-1423-4E14-AD38-5B6E0ACC06BF}.Release|x64.Build.0 = Release|Any CPU
		{D9EBB59E-3DC5-4ACD-8CF1-CAF7FAE910A8}.Debug|Any CPU.ActiveCfg = Debug|Any CPU
		{D9EBB59E-3DC5-4ACD-8CF1-CAF7FAE910A8}.Debug|Any CPU.Build.0 = Debug|Any CPU
		{D9EBB59E-3DC5-4ACD-8CF1-CAF7FAE910A8}.Debug|x64.ActiveCfg = Debug|Any CPU
		{D9EBB59E-3DC5-4ACD-8CF1-CAF7FAE910A8}.Debug|x64.Build.0 = Debug|Any CPU
		{D9EBB59E-3DC5-4ACD-8CF1-CAF7FAE910A8}.Release|Any CPU.ActiveCfg = Release|Any CPU
		{D9EBB59E-3DC5-4ACD-8CF1-CAF7FAE910A8}.Release|Any CPU.Build.0 = Release|Any CPU
		{D9EBB59E-3DC5-4ACD-8CF1-CAF7FAE910A8}.Release|x64.ActiveCfg = Release|Any CPU
		{D9EBB59E-3DC5-4ACD-8CF1-CAF7FAE910A8}.Release|x64.Build.0 = Release|Any CPU
	EndGlobalSection
	GlobalSection(SolutionProperties) = preSolution
		HideSolutionNode = FALSE
	EndGlobalSection
	GlobalSection(ExtensibilityGlobals) = postSolution
		SolutionGuid = {C9325801-41C7-49BC-B6E2-D5AC05A6AA0C}
	EndGlobalSection
	GlobalSection(NestedProjects) = preSolution
		{B3A34F01-C1B1-4081-B19A-E24821105683} = {FE9BF140-0795-4CBE-A5A1-E37A36081587}
		{C1BFAFBB-9E7B-468E-8E03-B5789926FE31} = {FE9BF140-0795-4CBE-A5A1-E37A36081587}
		{C8175039-89F8-4798-9282-98BDF91FD0C5} = {C9E5F7D9-B12E-4A1A-949C-FDFF08A46A67}
		{708442D6-A90A-4BF6-BFA3-4D2B21C2269F} = {C9E5F7D9-B12E-4A1A-949C-FDFF08A46A67}
		{832DCD90-034E-4282-B6A7-627D7FC51EB7} = {C9E5F7D9-B12E-4A1A-949C-FDFF08A46A67}
		{A75A61EE-D0BD-4536-B6C6-26A26D8062F2} = {FE9BF140-0795-4CBE-A5A1-E37A36081587}
		{F1BC2CDC-1423-4E14-AD38-5B6E0ACC06BF} = {C9E5F7D9-B12E-4A1A-949C-FDFF08A46A67}
		{D9EBB59E-3DC5-4ACD-8CF1-CAF7FAE910A8} = {FE9BF140-0795-4CBE-A5A1-E37A36081587}
	EndGlobalSection
EndGlobal
